
Microsoft Visual Studio Solution File, Format Version 12.00
# Visual Studio Version 17
VisualStudioVersion = 17.1.32104.313
MinimumVisualStudioVersion = 10.0.40219.1
Project("{8BC9CEB8-8B4A-11D0-8D11-00A0C91BC942}") = "Nichols_S22_020_MT_2", "Nichols_S22_020_MT_2.vcxproj", "{AFC52EA9-93B5-43C5-97EB-B1DDDC351348}"
EndProject
Global
	GlobalSection(SolutionConfigurationPlatforms) = preSolution
		Debug|x64 = Debug|x64
		Debug|x86 = Debug|x86
		Release|x64 = Release|x64
		Release|x86 = Release|x86
	EndGlobalSection
	GlobalSection(ProjectConfigurationPlatforms) = postSolution
		{AFC52EA9-93B5-43C5-97EB-B1DDDC351348}.Debug|x64.ActiveCfg = Debug|x64
		{AFC52EA9-93B5-43C5-97EB-B1DDDC351348}.Debug|x64.Build.0 = Debug|x64
		{AFC52EA9-93B5-43C5-97EB-B1DDDC351348}.Debug|x86.ActiveCfg = Debug|Win32
		{AFC52EA9-93B5-43C5-97EB-B1DDDC351348}.Debug|x86.Build.0 = Debug|Win32
		{AFC52EA9-93B5-43C5-97EB-B1DDDC351348}.Release|x64.ActiveCfg = Release|x64
		{AFC52EA9-93B5-43C5-97EB-B1DDDC351348}.Release|x64.Build.0 = Release|x64
		{AFC52EA9-93B5-43C5-97EB-B1DDDC351348}.Release|x86.ActiveCfg = Release|Win32
		{AFC52EA9-93B5-43C5-97EB-B1DDDC351348}.Release|x86.Build.0 = Release|Win32
	EndGlobalSection
	GlobalSection(SolutionProperties) = preSolution
		HideSolutionNode = FALSE
	EndGlobalSection
	GlobalSection(ExtensibilityGlobals) = postSolution
		SolutionGuid = {AE3C17C0-345D-4CC2-BD4B-BA6FE1C46409}
	EndGlobalSection
EndGlobal
